
Microsoft Visual Studio Solution File, Format Version 12.00
# Visual Studio 15
VisualStudioVersion = 15.0.27703.2026
MinimumVisualStudioVersion = 10.0.40219.1
Project("{FAE04EC0-301F-11D3-BF4B-00C04F79EFBC}") = "DefaultWebApplication", "DefaultWebApplication\DefaultWebApplication.csproj", "{A793F230-5482-48BF-9BF0-1F17039CEDA0}"
EndProject
Global
	GlobalSection(SolutionConfigurationPlatforms) = preSolution
		Debug|Any CPU = Debug|Any CPU
		Release|Any CPU = Release|Any CPU
	EndGlobalSection
	GlobalSection(ProjectConfigurationPlatforms) = postSolution
		{A793F230-5482-48BF-9BF0-1F17039CEDA0}.Debug|Any CPU.ActiveCfg = Debug|Any CPU
		{A793F230-5482-48BF-9BF0-1F17039CEDA0}.Debug|Any CPU.Build.0 = Debug|Any CPU
		{A793F230-5482-48BF-9BF0-1F17039CEDA0}.Release|Any CPU.ActiveCfg = Release|Any CPU
		{A793F230-5482-48BF-9BF0-1F17039CEDA0}.Release|Any CPU.Build.0 = Release|Any CPU
	EndGlobalSection
	GlobalSection(SolutionProperties) = preSolution
		HideSolutionNode = FALSE
	EndGlobalSection
	GlobalSection(ExtensibilityGlobals) = postSolution
		SolutionGuid = {3F18FBCE-3C83-4400-AD0B-406CD92B9E13}
	EndGlobalSection
EndGlobal
